
Microsoft Visual Studio Solution File, Format Version 12.00
# Visual Studio Version 16
VisualStudioVersion = 16.0.30907.101
MinimumVisualStudioVersion = 10.0.40219.1
Project("{FAE04EC0-301F-11D3-BF4B-00C04F79EFBC}") = "AVL", "AVL.csproj", "{373D30B7-AB24-4B0D-B656-DA8038865ACD}"
EndProject
Global
	GlobalSection(SolutionConfigurationPlatforms) = preSolution
		Debug|Any CPU = Debug|Any CPU
		Release|Any CPU = Release|Any CPU
	EndGlobalSection
	GlobalSection(ProjectConfigurationPlatforms) = postSolution
		{373D30B7-AB24-4B0D-B656-DA8038865ACD}.Debug|Any CPU.ActiveCfg = Debug|Any CPU
		{373D30B7-AB24-4B0D-B656-DA8038865ACD}.Debug|Any CPU.Build.0 = Debug|Any CPU
		{373D30B7-AB24-4B0D-B656-DA8038865ACD}.Release|Any CPU.ActiveCfg = Release|Any CPU
		{373D30B7-AB24-4B0D-B656-DA8038865ACD}.Release|Any CPU.Build.0 = Release|Any CPU
	EndGlobalSection
	GlobalSection(SolutionProperties) = preSolution
		HideSolutionNode = FALSE
	EndGlobalSection
	GlobalSection(ExtensibilityGlobals) = postSolution
		SolutionGuid = {FD89F0E2-0BAD-4256-B5D5-A6BF61126BC0}
	EndGlobalSection
EndGlobal
