
Microsoft Visual Studio Solution File, Format Version 12.00
# Visual Studio Version 16
VisualStudioVersion = 16.0.30907.101
MinimumVisualStudioVersion = 10.0.40219.1
Project("{FAE04EC0-301F-11D3-BF4B-00C04F79EFBC}") = "Huffman", "Huffman.csproj", "{B2AA26C2-2C34-4B80-B9D9-32E47D58048D}"
EndProject
Global
	GlobalSection(SolutionConfigurationPlatforms) = preSolution
		Debug|Any CPU = Debug|Any CPU
		Release|Any CPU = Release|Any CPU
	EndGlobalSection
	GlobalSection(ProjectConfigurationPlatforms) = postSolution
		{B2AA26C2-2C34-4B80-B9D9-32E47D58048D}.Debug|Any CPU.ActiveCfg = Debug|Any CPU
		{B2AA26C2-2C34-4B80-B9D9-32E47D58048D}.Debug|Any CPU.Build.0 = Debug|Any CPU
		{B2AA26C2-2C34-4B80-B9D9-32E47D58048D}.Release|Any CPU.ActiveCfg = Release|Any CPU
		{B2AA26C2-2C34-4B80-B9D9-32E47D58048D}.Release|Any CPU.Build.0 = Release|Any CPU
	EndGlobalSection
	GlobalSection(SolutionProperties) = preSolution
		HideSolutionNode = FALSE
	EndGlobalSection
	GlobalSection(ExtensibilityGlobals) = postSolution
		SolutionGuid = {7FD28BAC-A5BB-478B-B314-12EE5C5479A3}
	EndGlobalSection
EndGlobal
